// !$*UTF8*$!
{
	archiveVersion = 1;
	classes = {
	};
	objectVersion = 55;
	objects = {

/* Begin PBXBuildFile section */
		2C8CCF9D284675DE003BC2A4 /* AppDelegate.swift in Sources */ = {isa = PBXBuildFile; fileRef = 2C8CCF9C284675DE003BC2A4 /* AppDelegate.swift */; };
		2C8CCF9F284675DE003BC2A4 /* SceneDelegate.swift in Sources */ = {isa = PBXBuildFile; fileRef = 2C8CCF9E284675DE003BC2A4 /* SceneDelegate.swift */; };
		2C8CCFA1284675DE003BC2A4 /* ViewController.swift in Sources */ = {isa = PBXBuildFile; fileRef = 2C8CCFA0284675DE003BC2A4 /* ViewController.swift */; };
		2C8CCFA4284675DE003BC2A4 /* Main.storyboard in Resources */ = {isa = PBXBuildFile; fileRef = 2C8CCFA2284675DE003BC2A4 /* Main.storyboard */; };
		2C8CCFA6284675DF003BC2A4 /* Assets.xcassets in Resources */ = {isa = PBXBuildFile; fileRef = 2C8CCFA5284675DF003BC2A4 /* Assets.xcassets */; };
		2C8CCFA9284675DF003BC2A4 /* LaunchScreen.storyboard in Resources */ = {isa = PBXBuildFile; fileRef = 2C8CCFA7284675DF003BC2A4 /* LaunchScreen.storyboard */; };
		2C8CCFB4284675E0003BC2A4 /* MoviesTests.swift in Sources */ = {isa = PBXBuildFile; fileRef = 2C8CCFB3284675E0003BC2A4 /* MoviesTests.swift */; };
		2C8CCFBE284675E0003BC2A4 /* MoviesUITests.swift in Sources */ = {isa = PBXBuildFile; fileRef = 2C8CCFBD284675E0003BC2A4 /* MoviesUITests.swift */; };
		2C8CCFC0284675E0003BC2A4 /* MoviesUITestsLaunchTests.swift in Sources */ = {isa = PBXBuildFile; fileRef = 2C8CCFBF284675E0003BC2A4 /* MoviesUITestsLaunchTests.swift */; };
		2C8CCFD12846787B003BC2A4 /* NetworkManager.swift in Sources */ = {isa = PBXBuildFile; fileRef = 2C8CCFD02846787B003BC2A4 /* NetworkManager.swift */; };
		2C8CCFD3284678F1003BC2A4 /* APIEndPoint.swift in Sources */ = {isa = PBXBuildFile; fileRef = 2C8CCFD2284678F1003BC2A4 /* APIEndPoint.swift */; };
		2C8CCFD5284678FE003BC2A4 /* APIError.swift in Sources */ = {isa = PBXBuildFile; fileRef = 2C8CCFD4284678FE003BC2A4 /* APIError.swift */; };
		2C8CCFD72846790B003BC2A4 /* NetworkingProtocols.swift in Sources */ = {isa = PBXBuildFile; fileRef = 2C8CCFD62846790B003BC2A4 /* NetworkingProtocols.swift */; };
		2C8CCFD928467917003BC2A4 /* JSONKeySnakeCaseDecoder.swift in Sources */ = {isa = PBXBuildFile; fileRef = 2C8CCFD828467917003BC2A4 /* JSONKeySnakeCaseDecoder.swift */; };
		2C8CCFDB28467C91003BC2A4 /* Constants.swift in Sources */ = {isa = PBXBuildFile; fileRef = 2C8CCFDA28467C91003BC2A4 /* Constants.swift */; };
		2C8CCFDE284681C4003BC2A4 /* MovieListService.swift in Sources */ = {isa = PBXBuildFile; fileRef = 2C8CCFDD284681C4003BC2A4 /* MovieListService.swift */; };
		2C8CCFE0284689A1003BC2A4 /* MovieListResponseModel.swift in Sources */ = {isa = PBXBuildFile; fileRef = 2C8CCFDF284689A1003BC2A4 /* MovieListResponseModel.swift */; };
		2C8CCFE2284689D6003BC2A4 /* MovieListRequest.swift in Sources */ = {isa = PBXBuildFile; fileRef = 2C8CCFE1284689D6003BC2A4 /* MovieListRequest.swift */; };
/* End PBXBuildFile section */

/* Begin PBXContainerItemProxy section */
		2C8CCFB0284675E0003BC2A4 /* PBXContainerItemProxy */ = {
			isa = PBXContainerItemProxy;
			containerPortal = 2C8CCF91284675DE003BC2A4 /* Project object */;
			proxyType = 1;
			remoteGlobalIDString = 2C8CCF98284675DE003BC2A4;
			remoteInfo = Movies;
		};
		2C8CCFBA284675E0003BC2A4 /* PBXContainerItemProxy */ = {
			isa = PBXContainerItemProxy;
			containerPortal = 2C8CCF91284675DE003BC2A4 /* Project object */;
			proxyType = 1;
			remoteGlobalIDString = 2C8CCF98284675DE003BC2A4;
			remoteInfo = Movies;
		};
/* End PBXContainerItemProxy section */

/* Begin PBXFileReference section */
		2C8CCF99284675DE003BC2A4 /* Movies.app */ = {isa = PBXFileReference; explicitFileType = wrapper.application; includeInIndex = 0; path = Movies.app; sourceTree = BUILT_PRODUCTS_DIR; };
		2C8CCF9C284675DE003BC2A4 /* AppDelegate.swift */ = {isa = PBXFileReference; lastKnownFileType = sourcecode.swift; path = AppDelegate.swift; sourceTree = "<group>"; };
		2C8CCF9E284675DE003BC2A4 /* SceneDelegate.swift */ = {isa = PBXFileReference; lastKnownFileType = sourcecode.swift; path = SceneDelegate.swift; sourceTree = "<group>"; };
		2C8CCFA0284675DE003BC2A4 /* ViewController.swift */ = {isa = PBXFileReference; lastKnownFileType = sourcecode.swift; path = ViewController.swift; sourceTree = "<group>"; };
		2C8CCFA3284675DE003BC2A4 /* Base */ = {isa = PBXFileReference; lastKnownFileType = file.storyboard; name = Base; path = Base.lproj/Main.storyboard; sourceTree = "<group>"; };
		2C8CCFA5284675DF003BC2A4 /* Assets.xcassets */ = {isa = PBXFileReference; lastKnownFileType = folder.assetcatalog; path = Assets.xcassets; sourceTree = "<group>"; };
		2C8CCFA8284675DF003BC2A4 /* Base */ = {isa = PBXFileReference; lastKnownFileType = file.storyboard; name = Base; path = Base.lproj/LaunchScreen.storyboard; sourceTree = "<group>"; };
		2C8CCFAA284675DF003BC2A4 /* Info.plist */ = {isa = PBXFileReference; lastKnownFileType = text.plist.xml; path = Info.plist; sourceTree = "<group>"; };
		2C8CCFAF284675E0003BC2A4 /* MoviesTests.xctest */ = {isa = PBXFileReference; explicitFileType = wrapper.cfbundle; includeInIndex = 0; path = MoviesTests.xctest; sourceTree = BUILT_PRODUCTS_DIR; };
		2C8CCFB3284675E0003BC2A4 /* MoviesTests.swift */ = {isa = PBXFileReference; lastKnownFileType = sourcecode.swift; path = MoviesTests.swift; sourceTree = "<group>"; };
		2C8CCFB9284675E0003BC2A4 /* MoviesUITests.xctest */ = {isa = PBXFileReference; explicitFileType = wrapper.cfbundle; includeInIndex = 0; path = MoviesUITests.xctest; sourceTree = BUILT_PRODUCTS_DIR; };
		2C8CCFBD284675E0003BC2A4 /* MoviesUITests.swift */ = {isa = PBXFileReference; lastKnownFileType = sourcecode.swift; path = MoviesUITests.swift; sourceTree = "<group>"; };
		2C8CCFBF284675E0003BC2A4 /* MoviesUITestsLaunchTests.swift */ = {isa = PBXFileReference; lastKnownFileType = sourcecode.swift; path = MoviesUITestsLaunchTests.swift; sourceTree = "<group>"; };
		2C8CCFD02846787B003BC2A4 /* NetworkManager.swift */ = {isa = PBXFileReference; lastKnownFileType = sourcecode.swift; path = NetworkManager.swift; sourceTree = "<group>"; };
		2C8CCFD2284678F1003BC2A4 /* APIEndPoint.swift */ = {isa = PBXFileReference; lastKnownFileType = sourcecode.swift; path = APIEndPoint.swift; sourceTree = "<group>"; };
		2C8CCFD4284678FE003BC2A4 /* APIError.swift */ = {isa = PBXFileReference; lastKnownFileType = sourcecode.swift; path = APIError.swift; sourceTree = "<group>"; };
		2C8CCFD62846790B003BC2A4 /* NetworkingProtocols.swift */ = {isa = PBXFileReference; lastKnownFileType = sourcecode.swift; path = NetworkingProtocols.swift; sourceTree = "<group>"; };
		2C8CCFD828467917003BC2A4 /* JSONKeySnakeCaseDecoder.swift */ = {isa = PBXFileReference; lastKnownFileType = sourcecode.swift; path = JSONKeySnakeCaseDecoder.swift; sourceTree = "<group>"; };
		2C8CCFDA28467C91003BC2A4 /* Constants.swift */ = {isa = PBXFileReference; lastKnownFileType = sourcecode.swift; path = Constants.swift; sourceTree = "<group>"; };
		2C8CCFDD284681C4003BC2A4 /* MovieListService.swift */ = {isa = PBXFileReference; lastKnownFileType = sourcecode.swift; path = MovieListService.swift; sourceTree = "<group>"; };
		2C8CCFDF284689A1003BC2A4 /* MovieListResponseModel.swift */ = {isa = PBXFileReference; lastKnownFileType = sourcecode.swift; path = MovieListResponseModel.swift; sourceTree = "<group>"; };
		2C8CCFE1284689D6003BC2A4 /* MovieListRequest.swift */ = {isa = PBXFileReference; lastKnownFileType = sourcecode.swift; path = MovieListRequest.swift; sourceTree = "<group>"; };
/* End PBXFileReference section */

/* Begin PBXFrameworksBuildPhase section */
		2C8CCF96284675DE003BC2A4 /* Frameworks */ = {
			isa = PBXFrameworksBuildPhase;
			buildActionMask = 2147483647;
			files = (
			);
			runOnlyForDeploymentPostprocessing = 0;
		};
		2C8CCFAC284675E0003BC2A4 /* Frameworks */ = {
			isa = PBXFrameworksBuildPhase;
			buildActionMask = 2147483647;
			files = (
			);
			runOnlyForDeploymentPostprocessing = 0;
		};
		2C8CCFB6284675E0003BC2A4 /* Frameworks */ = {
			isa = PBXFrameworksBuildPhase;
			buildActionMask = 2147483647;
			files = (
			);
			runOnlyForDeploymentPostprocessing = 0;
		};
/* End PBXFrameworksBuildPhase section */

/* Begin PBXGroup section */
		2C8CCF90284675DE003BC2A4 = {
			isa = PBXGroup;
			children = (
				2C8CCF9B284675DE003BC2A4 /* Movies */,
				2C8CCFB2284675E0003BC2A4 /* MoviesTests */,
				2C8CCFBC284675E0003BC2A4 /* MoviesUITests */,
				2C8CCF9A284675DE003BC2A4 /* Products */,
			);
			sourceTree = "<group>";
		};
		2C8CCF9A284675DE003BC2A4 /* Products */ = {
			isa = PBXGroup;
			children = (
				2C8CCF99284675DE003BC2A4 /* Movies.app */,
				2C8CCFAF284675E0003BC2A4 /* MoviesTests.xctest */,
				2C8CCFB9284675E0003BC2A4 /* MoviesUITests.xctest */,
			);
			name = Products;
			sourceTree = "<group>";
		};
		2C8CCF9B284675DE003BC2A4 /* Movies */ = {
			isa = PBXGroup;
			children = (
				2C8CCFCF28467661003BC2A4 /* Extensions */,
				2C8CCFCE28467653003BC2A4 /* Common */,
				2C8CCFCD2846764C003BC2A4 /* Networking */,
				2C8CCFCC2846763F003BC2A4 /* Features */,
				2C8CCF9C284675DE003BC2A4 /* AppDelegate.swift */,
				2C8CCF9E284675DE003BC2A4 /* SceneDelegate.swift */,
				2C8CCFA0284675DE003BC2A4 /* ViewController.swift */,
				2C8CCFA2284675DE003BC2A4 /* Main.storyboard */,
				2C8CCFA5284675DF003BC2A4 /* Assets.xcassets */,
				2C8CCFA7284675DF003BC2A4 /* LaunchScreen.storyboard */,
				2C8CCFAA284675DF003BC2A4 /* Info.plist */,
			);
			path = Movies;
			sourceTree = "<group>";
		};
		2C8CCFB2284675E0003BC2A4 /* MoviesTests */ = {
			isa = PBXGroup;
			children = (
				2C8CCFB3284675E0003BC2A4 /* MoviesTests.swift */,
			);
			path = MoviesTests;
			sourceTree = "<group>";
		};
		2C8CCFBC284675E0003BC2A4 /* MoviesUITests */ = {
			isa = PBXGroup;
			children = (
				2C8CCFBD284675E0003BC2A4 /* MoviesUITests.swift */,
				2C8CCFBF284675E0003BC2A4 /* MoviesUITestsLaunchTests.swift */,
			);
			path = MoviesUITests;
			sourceTree = "<group>";
		};
		2C8CCFCC2846763F003BC2A4 /* Features */ = {
			isa = PBXGroup;
			children = (
				2C8CCFDC284681A2003BC2A4 /* MovieList */,
			);
			path = Features;
			sourceTree = "<group>";
		};
		2C8CCFCD2846764C003BC2A4 /* Networking */ = {
			isa = PBXGroup;
			children = (
				2C8CCFD02846787B003BC2A4 /* NetworkManager.swift */,
				2C8CCFD2284678F1003BC2A4 /* APIEndPoint.swift */,
				2C8CCFD4284678FE003BC2A4 /* APIError.swift */,
				2C8CCFD62846790B003BC2A4 /* NetworkingProtocols.swift */,
				2C8CCFD828467917003BC2A4 /* JSONKeySnakeCaseDecoder.swift */,
			);
			path = Networking;
			sourceTree = "<group>";
		};
		2C8CCFCE28467653003BC2A4 /* Common */ = {
			isa = PBXGroup;
			children = (
				2C8CCFDA28467C91003BC2A4 /* Constants.swift */,
			);
			path = Common;
			sourceTree = "<group>";
		};
		2C8CCFCF28467661003BC2A4 /* Extensions */ = {
			isa = PBXGroup;
			children = (
			);
			path = Extensions;
			sourceTree = "<group>";
		};
		2C8CCFDC284681A2003BC2A4 /* MovieList */ = {
			isa = PBXGroup;
			children = (
				2C8CCFE3284689DC003BC2A4 /* Service */,
			);
			path = MovieList;
			sourceTree = "<group>";
		};
		2C8CCFE3284689DC003BC2A4 /* Service */ = {
			isa = PBXGroup;
			children = (
				2C8CCFE1284689D6003BC2A4 /* MovieListRequest.swift */,
				2C8CCFDF284689A1003BC2A4 /* MovieListResponseModel.swift */,
				2C8CCFDD284681C4003BC2A4 /* MovieListService.swift */,
			);
			path = Service;
			sourceTree = "<group>";
		};
/* End PBXGroup section */

/* Begin PBXNativeTarget section */
		2C8CCF98284675DE003BC2A4 /* Movies */ = {
			isa = PBXNativeTarget;
			buildConfigurationList = 2C8CCFC3284675E0003BC2A4 /* Build configuration list for PBXNativeTarget "Movies" */;
			buildPhases = (
				2C8CCF95284675DE003BC2A4 /* Sources */,
				2C8CCF96284675DE003BC2A4 /* Frameworks */,
				2C8CCF97284675DE003BC2A4 /* Resources */,
			);
			buildRules = (
			);
			dependencies = (
			);
			name = Movies;
			productName = Movies;
			productReference = 2C8CCF99284675DE003BC2A4 /* Movies.app */;
			productType = "com.apple.product-type.application";
		};
		2C8CCFAE284675E0003BC2A4 /* MoviesTests */ = {
			isa = PBXNativeTarget;
			buildConfigurationList = 2C8CCFC6284675E0003BC2A4 /* Build configuration list for PBXNativeTarget "MoviesTests" */;
			buildPhases = (
				2C8CCFAB284675E0003BC2A4 /* Sources */,
				2C8CCFAC284675E0003BC2A4 /* Frameworks */,
				2C8CCFAD284675E0003BC2A4 /* Resources */,
			);
			buildRules = (
			);
			dependencies = (
				2C8CCFB1284675E0003BC2A4 /* PBXTargetDependency */,
			);
			name = MoviesTests;
			productName = MoviesTests;
			productReference = 2C8CCFAF284675E0003BC2A4 /* MoviesTests.xctest */;
			productType = "com.apple.product-type.bundle.unit-test";
		};
		2C8CCFB8284675E0003BC2A4 /* MoviesUITests */ = {
			isa = PBXNativeTarget;
			buildConfigurationList = 2C8CCFC9284675E0003BC2A4 /* Build configuration list for PBXNativeTarget "MoviesUITests" */;
			buildPhases = (
				2C8CCFB5284675E0003BC2A4 /* Sources */,
				2C8CCFB6284675E0003BC2A4 /* Frameworks */,
				2C8CCFB7284675E0003BC2A4 /* Resources */,
			);
			buildRules = (
			);
			dependencies = (
				2C8CCFBB284675E0003BC2A4 /* PBXTargetDependency */,
			);
			name = MoviesUITests;
			productName = MoviesUITests;
			productReference = 2C8CCFB9284675E0003BC2A4 /* MoviesUITests.xctest */;
			productType = "com.apple.product-type.bundle.ui-testing";
		};
/* End PBXNativeTarget section */

/* Begin PBXProject section */
		2C8CCF91284675DE003BC2A4 /* Project object */ = {
			isa = PBXProject;
			attributes = {
				BuildIndependentTargetsInParallel = 1;
				LastSwiftUpdateCheck = 1340;
				LastUpgradeCheck = 1340;
				TargetAttributes = {
					2C8CCF98284675DE003BC2A4 = {
						CreatedOnToolsVersion = 13.4;
					};
					2C8CCFAE284675E0003BC2A4 = {
						CreatedOnToolsVersion = 13.4;
						TestTargetID = 2C8CCF98284675DE003BC2A4;
					};
					2C8CCFB8284675E0003BC2A4 = {
						CreatedOnToolsVersion = 13.4;
						TestTargetID = 2C8CCF98284675DE003BC2A4;
					};
				};
			};
			buildConfigurationList = 2C8CCF94284675DE003BC2A4 /* Build configuration list for PBXProject "Movies" */;
			compatibilityVersion = "Xcode 13.0";
			developmentRegion = en;
			hasScannedForEncodings = 0;
			knownRegions = (
				en,
				Base,
			);
			mainGroup = 2C8CCF90284675DE003BC2A4;
			productRefGroup = 2C8CCF9A284675DE003BC2A4 /* Products */;
			projectDirPath = "";
			projectRoot = "";
			targets = (
				2C8CCF98284675DE003BC2A4 /* Movies */,
				2C8CCFAE284675E0003BC2A4 /* MoviesTests */,
				2C8CCFB8284675E0003BC2A4 /* MoviesUITests */,
			);
		};
/* End PBXProject section */

/* Begin PBXResourcesBuildPhase section */
		2C8CCF97284675DE003BC2A4 /* Resources */ = {
			isa = PBXResourcesBuildPhase;
			buildActionMask = 2147483647;
			files = (
				2C8CCFA9284675DF003BC2A4 /* LaunchScreen.storyboard in Resources */,
				2C8CCFA6284675DF003BC2A4 /* Assets.xcassets in Resources */,
				2C8CCFA4284675DE003BC2A4 /* Main.storyboard in Resources */,
			);
			runOnlyForDeploymentPostprocessing = 0;
		};
		2C8CCFAD284675E0003BC2A4 /* Resources */ = {
			isa = PBXResourcesBuildPhase;
			buildActionMask = 2147483647;
			files = (
			);
			runOnlyForDeploymentPostprocessing = 0;
		};
		2C8CCFB7284675E0003BC2A4 /* Resources */ = {
			isa = PBXResourcesBuildPhase;
			buildActionMask = 2147483647;
			files = (
			);
			runOnlyForDeploymentPostprocessing = 0;
		};
/* End PBXResourcesBuildPhase section */

/* Begin PBXSourcesBuildPhase section */
		2C8CCF95284675DE003BC2A4 /* Sources */ = {
			isa = PBXSourcesBuildPhase;
			buildActionMask = 2147483647;
			files = (
				2C8CCFD12846787B003BC2A4 /* NetworkManager.swift in Sources */,
				2C8CCFD72846790B003BC2A4 /* NetworkingProtocols.swift in Sources */,
				2C8CCFDE284681C4003BC2A4 /* MovieListService.swift in Sources */,
				2C8CCFD3284678F1003BC2A4 /* APIEndPoint.swift in Sources */,
				2C8CCFA1284675DE003BC2A4 /* ViewController.swift in Sources */,
				2C8CCF9D284675DE003BC2A4 /* AppDelegate.swift in Sources */,
				2C8CCFE2284689D6003BC2A4 /* MovieListRequest.swift in Sources */,
				2C8CCF9F284675DE003BC2A4 /* SceneDelegate.swift in Sources */,
				2C8CCFD5284678FE003BC2A4 /* APIError.swift in Sources */,
				2C8CCFE0284689A1003BC2A4 /* MovieListResponseModel.swift in Sources */,
				2C8CCFD928467917003BC2A4 /* JSONKeySnakeCaseDecoder.swift in Sources */,
				2C8CCFDB28467C91003BC2A4 /* Constants.swift in Sources */,
			);
			runOnlyForDeploymentPostprocessing = 0;
		};
		2C8CCFAB284675E0003BC2A4 /* Sources */ = {
			isa = PBXSourcesBuildPhase;
			buildActionMask = 2147483647;
			files = (
				2C8CCFB4284675E0003BC2A4 /* MoviesTests.swift in Sources */,
			);
			runOnlyForDeploymentPostprocessing = 0;
		};
		2C8CCFB5284675E0003BC2A4 /* Sources */ = {
			isa = PBXSourcesBuildPhase;
			buildActionMask = 2147483647;
			files = (
				2C8CCFBE284675E0003BC2A4 /* MoviesUITests.swift in Sources */,
				2C8CCFC0284675E0003BC2A4 /* MoviesUITestsLaunchTests.swift in Sources */,
			);
			runOnlyForDeploymentPostprocessing = 0;
		};
/* End PBXSourcesBuildPhase section */

/* Begin PBXTargetDependency section */
		2C8CCFB1284675E0003BC2A4 /* PBXTargetDependency */ = {
			isa = PBXTargetDependency;
			target = 2C8CCF98284675DE003BC2A4 /* Movies */;
			targetProxy = 2C8CCFB0284675E0003BC2A4 /* PBXContainerItemProxy */;
		};
		2C8CCFBB284675E0003BC2A4 /* PBXTargetDependency */ = {
			isa = PBXTargetDependency;
			target = 2C8CCF98284675DE003BC2A4 /* Movies */;
			targetProxy = 2C8CCFBA284675E0003BC2A4 /* PBXContainerItemProxy */;
		};
/* End PBXTargetDependency section */

/* Begin PBXVariantGroup section */
		2C8CCFA2284675DE003BC2A4 /* Main.storyboard */ = {
			isa = PBXVariantGroup;
			children = (
				2C8CCFA3284675DE003BC2A4 /* Base */,
			);
			name = Main.storyboard;
			sourceTree = "<group>";
		};
		2C8CCFA7284675DF003BC2A4 /* LaunchScreen.storyboard */ = {
			isa = PBXVariantGroup;
			children = (
				2C8CCFA8284675DF003BC2A4 /* Base */,
			);
			name = LaunchScreen.storyboard;
			sourceTree = "<group>";
		};
/* End PBXVariantGroup section */

/* Begin XCBuildConfiguration section */
		2C8CCFC1284675E0003BC2A4 /* Debug */ = {
			isa = XCBuildConfiguration;
			buildSettings = {
				ALWAYS_SEARCH_USER_PATHS = NO;
				CLANG_ANALYZER_NONNULL = YES;
				CLANG_ANALYZER_NUMBER_OBJECT_CONVERSION = YES_AGGRESSIVE;
				CLANG_CXX_LANGUAGE_STANDARD = "gnu++17";
				CLANG_ENABLE_MODULES = YES;
				CLANG_ENABLE_OBJC_ARC = YES;
				CLANG_ENABLE_OBJC_WEAK = YES;
				CLANG_WARN_BLOCK_CAPTURE_AUTORELEASING = YES;
				CLANG_WARN_BOOL_CONVERSION = YES;
				CLANG_WARN_COMMA = YES;
				CLANG_WARN_CONSTANT_CONVERSION = YES;
				CLANG_WARN_DEPRECATED_OBJC_IMPLEMENTATIONS = YES;
				CLANG_WARN_DIRECT_OBJC_ISA_USAGE = YES_ERROR;
				CLANG_WARN_DOCUMENTATION_COMMENTS = YES;
				CLANG_WARN_EMPTY_BODY = YES;
				CLANG_WARN_ENUM_CONVERSION = YES;
				CLANG_WARN_INFINITE_RECURSION = YES;
				CLANG_WARN_INT_CONVERSION = YES;
				CLANG_WARN_NON_LITERAL_NULL_CONVERSION = YES;
				CLANG_WARN_OBJC_IMPLICIT_RETAIN_SELF = YES;
				CLANG_WARN_OBJC_LITERAL_CONVERSION = YES;
				CLANG_WARN_OBJC_ROOT_CLASS = YES_ERROR;
				CLANG_WARN_QUOTED_INCLUDE_IN_FRAMEWORK_HEADER = YES;
				CLANG_WARN_RANGE_LOOP_ANALYSIS = YES;
				CLANG_WARN_STRICT_PROTOTYPES = YES;
				CLANG_WARN_SUSPICIOUS_MOVE = YES;
				CLANG_WARN_UNGUARDED_AVAILABILITY = YES_AGGRESSIVE;
				CLANG_WARN_UNREACHABLE_CODE = YES;
				CLANG_WARN__DUPLICATE_METHOD_MATCH = YES;
				COPY_PHASE_STRIP = NO;
				DEBUG_INFORMATION_FORMAT = dwarf;
				ENABLE_STRICT_OBJC_MSGSEND = YES;
				ENABLE_TESTABILITY = YES;
				GCC_C_LANGUAGE_STANDARD = gnu11;
				GCC_DYNAMIC_NO_PIC = NO;
				GCC_NO_COMMON_BLOCKS = YES;
				GCC_OPTIMIZATION_LEVEL = 0;
				GCC_PREPROCESSOR_DEFINITIONS = (
					"DEBUG=1",
					"$(inherited)",
				);
				GCC_WARN_64_TO_32_BIT_CONVERSION = YES;
				GCC_WARN_ABOUT_RETURN_TYPE = YES_ERROR;
				GCC_WARN_UNDECLARED_SELECTOR = YES;
				GCC_WARN_UNINITIALIZED_AUTOS = YES_AGGRESSIVE;
				GCC_WARN_UNUSED_FUNCTION = YES;
				GCC_WARN_UNUSED_VARIABLE = YES;
				IPHONEOS_DEPLOYMENT_TARGET = 15.5;
				MTL_ENABLE_DEBUG_INFO = INCLUDE_SOURCE;
				MTL_FAST_MATH = YES;
				ONLY_ACTIVE_ARCH = YES;
				SDKROOT = iphoneos;
				SWIFT_ACTIVE_COMPILATION_CONDITIONS = DEBUG;
				SWIFT_OPTIMIZATION_LEVEL = "-Onone";
			};
			name = Debug;
		};
		2C8CCFC2284675E0003BC2A4 /* Release */ = {
			isa = XCBuildConfiguration;
			buildSettings = {
				ALWAYS_SEARCH_USER_PATHS = NO;
				CLANG_ANALYZER_NONNULL = YES;
				CLANG_ANALYZER_NUMBER_OBJECT_CONVERSION = YES_AGGRESSIVE;
				CLANG_CXX_LANGUAGE_STANDARD = "gnu++17";
				CLANG_ENABLE_MODULES = YES;
				CLANG_ENABLE_OBJC_ARC = YES;
				CLANG_ENABLE_OBJC_WEAK = YES;
				CLANG_WARN_BLOCK_CAPTURE_AUTORELEASING = YES;
				CLANG_WARN_BOOL_CONVERSION = YES;
				CLANG_WARN_COMMA = YES;
				CLANG_WARN_CONSTANT_CONVERSION = YES;
				CLANG_WARN_DEPRECATED_OBJC_IMPLEMENTATIONS = YES;
				CLANG_WARN_DIRECT_OBJC_ISA_USAGE = YES_ERROR;
				CLANG_WARN_DOCUMENTATION_COMMENTS = YES;
				CLANG_WARN_EMPTY_BODY = YES;
				CLANG_WARN_ENUM_CONVERSION = YES;
				CLANG_WARN_INFINITE_RECURSION = YES;
				CLANG_WARN_INT_CONVERSION = YES;
				CLANG_WARN_NON_LITERAL_NULL_CONVERSION = YES;
				CLANG_WARN_OBJC_IMPLICIT_RETAIN_SELF = YES;
				CLANG_WARN_OBJC_LITERAL_CONVERSION = YES;
				CLANG_WARN_OBJC_ROOT_CLASS = YES_ERROR;
				CLANG_WARN_QUOTED_INCLUDE_IN_FRAMEWORK_HEADER = YES;
				CLANG_WARN_RANGE_LOOP_ANALYSIS = YES;
				CLANG_WARN_STRICT_PROTOTYPES = YES;
				CLANG_WARN_SUSPICIOUS_MOVE = YES;
				CLANG_WARN_UNGUARDED_AVAILABILITY = YES_AGGRESSIVE;
				CLANG_WARN_UNREACHABLE_CODE = YES;
				CLANG_WARN__DUPLICATE_METHOD_MATCH = YES;
				COPY_PHASE_STRIP = NO;
				DEBUG_INFORMATION_FORMAT = "dwarf-with-dsym";
				ENABLE_NS_ASSERTIONS = NO;
				ENABLE_STRICT_OBJC_MSGSEND = YES;
				GCC_C_LANGUAGE_STANDARD = gnu11;
				GCC_NO_COMMON_BLOCKS = YES;
				GCC_WARN_64_TO_32_BIT_CONVERSION = YES;
				GCC_WARN_ABOUT_RETURN_TYPE = YES_ERROR;
				GCC_WARN_UNDECLARED_SELECTOR = YES;
				GCC_WARN_UNINITIALIZED_AUTOS = YES_AGGRESSIVE;
				GCC_WARN_UNUSED_FUNCTION = YES;
				GCC_WARN_UNUSED_VARIABLE = YES;
				IPHONEOS_DEPLOYMENT_TARGET = 15.5;
				MTL_ENABLE_DEBUG_INFO = NO;
				MTL_FAST_MATH = YES;
				SDKROOT = iphoneos;
				SWIFT_COMPILATION_MODE = wholemodule;
				SWIFT_OPTIMIZATION_LEVEL = "-O";
				VALIDATE_PRODUCT = YES;
			};
			name = Release;
		};
		2C8CCFC4284675E0003BC2A4 /* Debug */ = {
			isa = XCBuildConfiguration;
			buildSettings = {
				ASSETCATALOG_COMPILER_APPICON_NAME = AppIcon;
				ASSETCATALOG_COMPILER_GLOBAL_ACCENT_COLOR_NAME = AccentColor;
				CODE_SIGN_STYLE = Automatic;
				CURRENT_PROJECT_VERSION = 1;
				GENERATE_INFOPLIST_FILE = YES;
				INFOPLIST_FILE = Movies/Info.plist;
				INFOPLIST_KEY_UIApplicationSupportsIndirectInputEvents = YES;
				INFOPLIST_KEY_UILaunchStoryboardName = LaunchScreen;
				INFOPLIST_KEY_UIMainStoryboardFile = Main;
				INFOPLIST_KEY_UISupportedInterfaceOrientations_iPad = "UIInterfaceOrientationPortrait UIInterfaceOrientationPortraitUpsideDown UIInterfaceOrientationLandscapeLeft UIInterfaceOrientationLandscapeRight";
				INFOPLIST_KEY_UISupportedInterfaceOrientations_iPhone = "UIInterfaceOrientationPortrait UIInterfaceOrientationLandscapeLeft UIInterfaceOrientationLandscapeRight";
				LD_RUNPATH_SEARCH_PATHS = (
					"$(inherited)",
					"@executable_path/Frameworks",
				);
				MARKETING_VERSION = 1.0;
				PRODUCT_BUNDLE_IDENTIFIER = com.personal.movies.Movies;
				PRODUCT_NAME = "$(TARGET_NAME)";
				SWIFT_EMIT_LOC_STRINGS = YES;
				SWIFT_VERSION = 5.0;
				TARGETED_DEVICE_FAMILY = "1,2";
			};
			name = Debug;
		};
		2C8CCFC5284675E0003BC2A4 /* Release */ = {
			isa = XCBuildConfiguration;
			buildSettings = {
				ASSETCATALOG_COMPILER_APPICON_NAME = AppIcon;
				ASSETCATALOG_COMPILER_GLOBAL_ACCENT_COLOR_NAME = AccentColor;
				CODE_SIGN_STYLE = Automatic;
				CURRENT_PROJECT_VERSION = 1;
				GENERATE_INFOPLIST_FILE = YES;
				INFOPLIST_FILE = Movies/Info.plist;
				INFOPLIST_KEY_UIApplicationSupportsIndirectInputEvents = YES;
				INFOPLIST_KEY_UILaunchStoryboardName = LaunchScreen;
				INFOPLIST_KEY_UIMainStoryboardFile = Main;
				INFOPLIST_KEY_UISupportedInterfaceOrientations_iPad = "UIInterfaceOrientationPortrait UIInterfaceOrientationPortraitUpsideDown UIInterfaceOrientationLandscapeLeft UIInterfaceOrientationLandscapeRight";
				INFOPLIST_KEY_UISupportedInterfaceOrientations_iPhone = "UIInterfaceOrientationPortrait UIInterfaceOrientationLandscapeLeft UIInterfaceOrientationLandscapeRight";
				LD_RUNPATH_SEARCH_PATHS = (
					"$(inherited)",
					"@executable_path/Frameworks",
				);
				MARKETING_VERSION = 1.0;
				PRODUCT_BUNDLE_IDENTIFIER = com.personal.movies.Movies;
				PRODUCT_NAME = "$(TARGET_NAME)";
				SWIFT_EMIT_LOC_STRINGS = YES;
				SWIFT_VERSION = 5.0;
				TARGETED_DEVICE_FAMILY = "1,2";
			};
			name = Release;
		};
		2C8CCFC7284675E0003BC2A4 /* Debug */ = {
			isa = XCBuildConfiguration;
			buildSettings = {
				ALWAYS_EMBED_SWIFT_STANDARD_LIBRARIES = YES;
				BUNDLE_LOADER = "$(TEST_HOST)";
				CODE_SIGN_STYLE = Automatic;
				CURRENT_PROJECT_VERSION = 1;
				GENERATE_INFOPLIST_FILE = YES;
				IPHONEOS_DEPLOYMENT_TARGET = 15.5;
				MARKETING_VERSION = 1.0;
				PRODUCT_BUNDLE_IDENTIFIER = com.personal.movies.MoviesTests;
				PRODUCT_NAME = "$(TARGET_NAME)";
				SWIFT_EMIT_LOC_STRINGS = NO;
				SWIFT_VERSION = 5.0;
				TARGETED_DEVICE_FAMILY = "1,2";
				TEST_HOST = "$(BUILT_PRODUCTS_DIR)/Movies.app/Movies";
			};
			name = Debug;
		};
		2C8CCFC8284675E0003BC2A4 /* Release */ = {
			isa = XCBuildConfiguration;
			buildSettings = {
				ALWAYS_EMBED_SWIFT_STANDARD_LIBRARIES = YES;
				BUNDLE_LOADER = "$(TEST_HOST)";
				CODE_SIGN_STYLE = Automatic;
				CURRENT_PROJECT_VERSION = 1;
				GENERATE_INFOPLIST_FILE = YES;
				IPHONEOS_DEPLOYMENT_TARGET = 15.5;
				MARKETING_VERSION = 1.0;
				PRODUCT_BUNDLE_IDENTIFIER = com.personal.movies.MoviesTests;
				PRODUCT_NAME = "$(TARGET_NAME)";
				SWIFT_EMIT_LOC_STRINGS = NO;
				SWIFT_VERSION = 5.0;
				TARGETED_DEVICE_FAMILY = "1,2";
				TEST_HOST = "$(BUILT_PRODUCTS_DIR)/Movies.app/Movies";
			};
			name = Release;
		};
		2C8CCFCA284675E0003BC2A4 /* Debug */ = {
			isa = XCBuildConfiguration;
			buildSettings = {
				ALWAYS_EMBED_SWIFT_STANDARD_LIBRARIES = YES;
				CODE_SIGN_STYLE = Automatic;
				CURRENT_PROJECT_VERSION = 1;
				GENERATE_INFOPLIST_FILE = YES;
				MARKETING_VERSION = 1.0;
				PRODUCT_BUNDLE_IDENTIFIER = com.personal.movies.MoviesUITests;
				PRODUCT_NAME = "$(TARGET_NAME)";
				SWIFT_EMIT_LOC_STRINGS = NO;
				SWIFT_VERSION = 5.0;
				TARGETED_DEVICE_FAMILY = "1,2";
				TEST_TARGET_NAME = Movies;
			};
			name = Debug;
		};
		2C8CCFCB284675E0003BC2A4 /* Release */ = {
			isa = XCBuildConfiguration;
			buildSettings = {
				ALWAYS_EMBED_SWIFT_STANDARD_LIBRARIES = YES;
				CODE_SIGN_STYLE = Automatic;
				CURRENT_PROJECT_VERSION = 1;
				GENERATE_INFOPLIST_FILE = YES;
				MARKETING_VERSION = 1.0;
				PRODUCT_BUNDLE_IDENTIFIER = com.personal.movies.MoviesUITests;
				PRODUCT_NAME = "$(TARGET_NAME)";
				SWIFT_EMIT_LOC_STRINGS = NO;
				SWIFT_VERSION = 5.0;
				TARGETED_DEVICE_FAMILY = "1,2";
				TEST_TARGET_NAME = Movies;
			};
			name = Release;
		};
/* End XCBuildConfiguration section */

/* Begin XCConfigurationList section */
		2C8CCF94284675DE003BC2A4 /* Build configuration list for PBXProject "Movies" */ = {
			isa = XCConfigurationList;
			buildConfigurations = (
				2C8CCFC1284675E0003BC2A4 /* Debug */,
				2C8CCFC2284675E0003BC2A4 /* Release */,
			);
			defaultConfigurationIsVisible = 0;
			defaultConfigurationName = Release;
		};
		2C8CCFC3284675E0003BC2A4 /* Build configuration list for PBXNativeTarget "Movies" */ = {
			isa = XCConfigurationList;
			buildConfigurations = (
				2C8CCFC4284675E0003BC2A4 /* Debug */,
				2C8CCFC5284675E0003BC2A4 /* Release */,
			);
			defaultConfigurationIsVisible = 0;
			defaultConfigurationName = Release;
		};
		2C8CCFC6284675E0003BC2A4 /* Build configuration list for PBXNativeTarget "MoviesTests" */ = {
			isa = XCConfigurationList;
			buildConfigurations = (
				2C8CCFC7284675E0003BC2A4 /* Debug */,
				2C8CCFC8284675E0003BC2A4 /* Release */,
			);
			defaultConfigurationIsVisible = 0;
			defaultConfigurationName = Release;
		};
		2C8CCFC9284675E0003BC2A4 /* Build configuration list for PBXNativeTarget "MoviesUITests" */ = {
			isa = XCConfigurationList;
			buildConfigurations = (
				2C8CCFCA284675E0003BC2A4 /* Debug */,
				2C8CCFCB284675E0003BC2A4 /* Release */,
			);
			defaultConfigurationIsVisible = 0;
			defaultConfigurationName = Release;
		};
/* End XCConfigurationList section */
	};
	rootObject = 2C8CCF91284675DE003BC2A4 /* Project object */;
}
